Microsoft Visual Studio Solution File, Format Version 11.00
# Visual Studio 2008

Project("{AE1674C3-882E-5ACD-5483-EA3DC0B972DD}") = "VR Game", "Assembly-CSharp.csproj", "{D34E6011-14D2-10A1-AE68-23C5E6D77D40}"
EndProject
Project("{AE1674C3-882E-5ACD-5483-EA3DC0B972DD}") = "VR Game", "Assembly-CSharp-Editor.csproj", "{9E7463AA-C693-FF07-491D-8BAF05D206C6}"
EndProject
Global
	GlobalSection(SolutionConfigurationPlatforms) = preSolution
		Debug|Any CPU = Debug|Any CPU
		Release|Any CPU = Release|Any CPU
	EndGlobalSection
	GlobalSection(ProjectConfigurationPlatforms) = postSolution
		{D34E6011-14D2-10A1-AE68-23C5E6D77D40}.Debug|Any CPU.ActiveCfg = Debug|Any CPU
		{D34E6011-14D2-10A1-AE68-23C5E6D77D40}.Debug|Any CPU.Build.0 = Debug|Any CPU
		{D34E6011-14D2-10A1-AE68-23C5E6D77D40}.Release|Any CPU.ActiveCfg = Release|Any CPU
		{D34E6011-14D2-10A1-AE68-23C5E6D77D40}.Release|Any CPU.Build.0 = Release|Any CPU
		{9E7463AA-C693-FF07-491D-8BAF05D206C6}.Debug|Any CPU.ActiveCfg = Debug|Any CPU
		{9E7463AA-C693-FF07-491D-8BAF05D206C6}.Debug|Any CPU.Build.0 = Debug|Any CPU
		{9E7463AA-C693-FF07-491D-8BAF05D206C6}.Release|Any CPU.ActiveCfg = Release|Any CPU
		{9E7463AA-C693-FF07-491D-8BAF05D206C6}.Release|Any CPU.Build.0 = Release|Any CPU
	EndGlobalSection
	GlobalSection(SolutionProperties) = preSolution
		HideSolutionNode = FALSE
	EndGlobalSection
	GlobalSection(MonoDevelopProperties) = preSolution
		StartupItem = Assembly-CSharp.csproj
	EndGlobalSection
EndGlobal
